// !$*UTF8*$!
{
	archiveVersion = 1;
	classes = {
	};
	objectVersion = 55;
	objects = {

/* Begin PBXBuildFile section */
		C813048927C7E4AD007DD29D /* NowWeatherApp.swift in Sources */ = {isa = PBXBuildFile; fileRef = C813048827C7E4AD007DD29D /* NowWeatherApp.swift */; };
		C813048B27C7E4AD007DD29D /* ContentView.swift in Sources */ = {isa = PBXBuildFile; fileRef = C813048A27C7E4AD007DD29D /* ContentView.swift */; };
		C813048D27C7E4B0007DD29D /* Assets.xcassets in Resources */ = {isa = PBXBuildFile; fileRef = C813048C27C7E4B0007DD29D /* Assets.xcassets */; };
		C813049027C7E4B0007DD29D /* Preview Assets.xcassets in Resources */ = {isa = PBXBuildFile; fileRef = C813048F27C7E4B0007DD29D /* Preview Assets.xcassets */; };
		C813049A27C7E65B007DD29D /* LocationManager.swift in Sources */ = {isa = PBXBuildFile; fileRef = C813049927C7E65B007DD29D /* LocationManager.swift */; };
		C813049C27C7E673007DD29D /* WeatherManager.swift in Sources */ = {isa = PBXBuildFile; fileRef = C813049B27C7E673007DD29D /* WeatherManager.swift */; };
		C813049F27C7E706007DD29D /* BackgroundManager.swift in Sources */ = {isa = PBXBuildFile; fileRef = C813049D27C7E706007DD29D /* BackgroundManager.swift */; };
		C81304A027C7E706007DD29D /* ExtensionManager.swift in Sources */ = {isa = PBXBuildFile; fileRef = C813049E27C7E706007DD29D /* ExtensionManager.swift */; };
		C81304A227C7E7AC007DD29D /* WelcomeView.swift in Sources */ = {isa = PBXBuildFile; fileRef = C81304A127C7E7AC007DD29D /* WelcomeView.swift */; };
		C81304A827C7E7C4007DD29D /* CustomCorner.swift in Sources */ = {isa = PBXBuildFile; fileRef = C81304A427C7E7C4007DD29D /* CustomCorner.swift */; };
		C81304AA27C7E7C4007DD29D /* WeatherRow.swift in Sources */ = {isa = PBXBuildFile; fileRef = C81304A627C7E7C4007DD29D /* WeatherRow.swift */; };
		C81304AB27C7E7C4007DD29D /* LoadingView.swift in Sources */ = {isa = PBXBuildFile; fileRef = C81304A727C7E7C4007DD29D /* LoadingView.swift */; };
		C81304AE27C7E965007DD29D /* WeatherData.json in Resources */ = {isa = PBXBuildFile; fileRef = C81304AC27C7E965007DD29D /* WeatherData.json */; };
		C81304AF27C7E965007DD29D /* ModelData.swift in Sources */ = {isa = PBXBuildFile; fileRef = C81304AD27C7E965007DD29D /* ModelData.swift */; };
		C81304B127C7E9DF007DD29D /* WeatherView.swift in Sources */ = {isa = PBXBuildFile; fileRef = C81304B027C7E9DF007DD29D /* WeatherView.swift */; };
		C81304B327C7EA04007DD29D /* WeatherModel.swift in Sources */ = {isa = PBXBuildFile; fileRef = C81304B227C7EA04007DD29D /* WeatherModel.swift */; };
		D10B216D11164E4364C3D241 /* README.md in Sources */ = {isa = PBXBuildFile; fileRef = D10B2CC093960C1EEF59F921 /* README.md */; };
/* End PBXBuildFile section */

/* Begin PBXFileReference section */
		C813048527C7E4AD007DD29D /* NowWeather.app */ = {isa = PBXFileReference; explicitFileType = wrapper.application; includeInIndex = 0; path = NowWeather.app; sourceTree = BUILT_PRODUCTS_DIR; };
		C813048827C7E4AD007DD29D /* NowWeatherApp.swift */ = {isa = PBXFileReference; lastKnownFileType = sourcecode.swift; path = NowWeatherApp.swift; sourceTree = "<group>"; };
		C813048A27C7E4AD007DD29D /* ContentView.swift */ = {isa = PBXFileReference; lastKnownFileType = sourcecode.swift; path = ContentView.swift; sourceTree = "<group>"; };
		C813048C27C7E4B0007DD29D /* Assets.xcassets */ = {isa = PBXFileReference; lastKnownFileType = folder.assetcatalog; path = Assets.xcassets; sourceTree = "<group>"; };
		C813048F27C7E4B0007DD29D /* Preview Assets.xcassets */ = {isa = PBXFileReference; lastKnownFileType = folder.assetcatalog; path = "Preview Assets.xcassets"; sourceTree = "<group>"; };
		C813049927C7E65B007DD29D /* LocationManager.swift */ = {isa = PBXFileReference; lastKnownFileType = sourcecode.swift; path = LocationManager.swift; sourceTree = "<group>"; };
		C813049B27C7E673007DD29D /* WeatherManager.swift */ = {isa = PBXFileReference; lastKnownFileType = sourcecode.swift; path = WeatherManager.swift; sourceTree = "<group>"; };
		C813049D27C7E706007DD29D /* BackgroundManager.swift */ = {isa = PBXFileReference; fileEncoding = 4; lastKnownFileType = sourcecode.swift; path = BackgroundManager.swift; sourceTree = "<group>"; };
		C813049E27C7E706007DD29D /* ExtensionManager.swift */ = {isa = PBXFileReference; fileEncoding = 4; lastKnownFileType = sourcecode.swift; path = ExtensionManager.swift; sourceTree = "<group>"; };
		C81304A127C7E7AC007DD29D /* WelcomeView.swift */ = {isa = PBXFileReference; fileEncoding = 4; lastKnownFileType = sourcecode.swift; path = WelcomeView.swift; sourceTree = "<group>"; };
		C81304A427C7E7C4007DD29D /* CustomCorner.swift */ = {isa = PBXFileReference; fileEncoding = 4; lastKnownFileType = sourcecode.swift; path = CustomCorner.swift; sourceTree = "<group>"; };
		C81304A627C7E7C4007DD29D /* WeatherRow.swift */ = {isa = PBXFileReference; fileEncoding = 4; lastKnownFileType = sourcecode.swift; path = WeatherRow.swift; sourceTree = "<group>"; };
		C81304A727C7E7C4007DD29D /* LoadingView.swift */ = {isa = PBXFileReference; fileEncoding = 4; lastKnownFileType = sourcecode.swift; path = LoadingView.swift; sourceTree = "<group>"; };
		C81304AC27C7E965007DD29D /* WeatherData.json */ = {isa = PBXFileReference; fileEncoding = 4; lastKnownFileType = text.json; path = WeatherData.json; sourceTree = "<group>"; };
		C81304AD27C7E965007DD29D /* ModelData.swift */ = {isa = PBXFileReference; fileEncoding = 4; lastKnownFileType = sourcecode.swift; path = ModelData.swift; sourceTree = "<group>"; };
		C81304B027C7E9DF007DD29D /* WeatherView.swift */ = {isa = PBXFileReference; fileEncoding = 4; lastKnownFileType = sourcecode.swift; path = WeatherView.swift; sourceTree = "<group>"; };
		C81304B227C7EA04007DD29D /* WeatherModel.swift */ = {isa = PBXFileReference; fileEncoding = 4; lastKnownFileType = sourcecode.swift; path = WeatherModel.swift; sourceTree = "<group>"; };
		C81304B427C7ED5E007DD29D /* Info.plist */ = {isa = PBXFileReference; lastKnownFileType = text.plist; path = Info.plist; sourceTree = "<group>"; };
		D10B2CC093960C1EEF59F921 /* README.md */ = {isa = PBXFileReference; fileEncoding = 4; lastKnownFileType = net.daringfireball.markdown; path = README.md; sourceTree = "<group>"; };
/* End PBXFileReference section */

/* Begin PBXFrameworksBuildPhase section */
		C813048227C7E4AD007DD29D /* Frameworks */ = {
			isa = PBXFrameworksBuildPhase;
			buildActionMask = 2147483647;
			files = (
			);
			runOnlyForDeploymentPostprocessing = 0;
		};
/* End PBXFrameworksBuildPhase section */

/* Begin PBXGroup section */
		C813047C27C7E4AC007DD29D = {
			isa = PBXGroup;
			children = (
				C813048727C7E4AD007DD29D /* NowWeather */,
				C813048627C7E4AD007DD29D /* Products */,
				D10B2CC093960C1EEF59F921 /* README.md */,
			);
			sourceTree = "<group>";
		};
		C813048627C7E4AD007DD29D /* Products */ = {
			isa = PBXGroup;
			children = (
				C813048527C7E4AD007DD29D /* NowWeather.app */,
			);
			name = Products;
			sourceTree = "<group>";
		};
		C813048727C7E4AD007DD29D /* NowWeather */ = {
			isa = PBXGroup;
			children = (
				C81304B427C7ED5E007DD29D /* Info.plist */,
				C813049827C7E63C007DD29D /* Views */,
				C813049727C7E635007DD29D /* Models */,
				C813049627C7E621007DD29D /* Managers */,
				C813048827C7E4AD007DD29D /* NowWeatherApp.swift */,
				C813048C27C7E4B0007DD29D /* Assets.xcassets */,
				C813048E27C7E4B0007DD29D /* Preview Content */,
			);
			path = NowWeather;
			sourceTree = "<group>";
		};
		C813048E27C7E4B0007DD29D /* Preview Content */ = {
			isa = PBXGroup;
			children = (
				C813048F27C7E4B0007DD29D /* Preview Assets.xcassets */,
				C81304AD27C7E965007DD29D /* ModelData.swift */,
				C81304AC27C7E965007DD29D /* WeatherData.json */,
			);
			path = "Preview Content";
			sourceTree = "<group>";
		};
		C813049627C7E621007DD29D /* Managers */ = {
			isa = PBXGroup;
			children = (
				C813049D27C7E706007DD29D /* BackgroundManager.swift */,
				C813049E27C7E706007DD29D /* ExtensionManager.swift */,
				C813049927C7E65B007DD29D /* LocationManager.swift */,
				C813049B27C7E673007DD29D /* WeatherManager.swift */,
			);
			path = Managers;
			sourceTree = "<group>";
		};
		C813049727C7E635007DD29D /* Models */ = {
			isa = PBXGroup;
			children = (
				C81304B227C7EA04007DD29D /* WeatherModel.swift */,
			);
			path = Models;
			sourceTree = "<group>";
		};
		C813049827C7E63C007DD29D /* Views */ = {
			isa = PBXGroup;
			children = (
				C81304A327C7E7C4007DD29D /* Components */,
				C813048A27C7E4AD007DD29D /* ContentView.swift */,
				C81304B027C7E9DF007DD29D /* WeatherView.swift */,
				C81304A127C7E7AC007DD29D /* WelcomeView.swift */,
			);
			path = Views;
			sourceTree = "<group>";
		};
		C81304A327C7E7C4007DD29D /* Components */ = {
			isa = PBXGroup;
			children = (
				C81304A427C7E7C4007DD29D /* CustomCorner.swift */,
				C81304A627C7E7C4007DD29D /* WeatherRow.swift */,
				C81304A727C7E7C4007DD29D /* LoadingView.swift */,
			);
			path = Components;
			sourceTree = "<group>";
		};
/* End PBXGroup section */

/* Begin PBXNativeTarget section */
		C813048427C7E4AD007DD29D /* NowWeather */ = {
			isa = PBXNativeTarget;
			buildConfigurationList = C813049327C7E4B0007DD29D /* Build configuration list for PBXNativeTarget "NowWeather" */;
			buildPhases = (
				C813048127C7E4AD007DD29D /* Sources */,
				C813048227C7E4AD007DD29D /* Frameworks */,
				C813048327C7E4AD007DD29D /* Resources */,
			);
			buildRules = (
			);
			dependencies = (
			);
			name = NowWeather;
			productName = NowWeather;
			productReference = C813048527C7E4AD007DD29D /* NowWeather.app */;
			productType = "com.apple.product-type.application";
		};
/* End PBXNativeTarget section */

/* Begin PBXProject section */
		C813047D27C7E4AC007DD29D /* Project object */ = {
			isa = PBXProject;
			attributes = {
				BuildIndependentTargetsInParallel = 1;
				LastSwiftUpdateCheck = 1320;
				LastUpgradeCheck = 1320;
				TargetAttributes = {
					C813048427C7E4AD007DD29D = {
						CreatedOnToolsVersion = 13.2.1;
					};
				};
			};
			buildConfigurationList = C813048027C7E4AC007DD29D /* Build configuration list for PBXProject "NowWeather" */;
			compatibilityVersion = "Xcode 13.0";
			developmentRegion = en;
			hasScannedForEncodings = 0;
			knownRegions = (
				en,
				Base,
			);
			mainGroup = C813047C27C7E4AC007DD29D;
			productRefGroup = C813048627C7E4AD007DD29D /* Products */;
			projectDirPath = "";
			projectRoot = "";
			targets = (
				C813048427C7E4AD007DD29D /* NowWeather */,
			);
		};
/* End PBXProject section */

/* Begin PBXResourcesBuildPhase section */
		C813048327C7E4AD007DD29D /* Resources */ = {
			isa = PBXResourcesBuildPhase;
			buildActionMask = 2147483647;
			files = (
				C81304AE27C7E965007DD29D /* WeatherData.json in Resources */,
				C813049027C7E4B0007DD29D /* Preview Assets.xcassets in Resources */,
				C813048D27C7E4B0007DD29D /* Assets.xcassets in Resources */,
			);
			runOnlyForDeploymentPostprocessing = 0;
		};
/* End PBXResourcesBuildPhase section */

/* Begin PBXSourcesBuildPhase section */
		C813048127C7E4AD007DD29D /* Sources */ = {
			isa = PBXSourcesBuildPhase;
			buildActionMask = 2147483647;
			files = (
				C813049F27C7E706007DD29D /* BackgroundManager.swift in Sources */,
				C81304A827C7E7C4007DD29D /* CustomCorner.swift in Sources */,
				C813048B27C7E4AD007DD29D /* ContentView.swift in Sources */,
				C81304B127C7E9DF007DD29D /* WeatherView.swift in Sources */,
				C81304AB27C7E7C4007DD29D /* LoadingView.swift in Sources */,
				C81304B327C7EA04007DD29D /* WeatherModel.swift in Sources */,
				C813048927C7E4AD007DD29D /* NowWeatherApp.swift in Sources */,
				C813049C27C7E673007DD29D /* WeatherManager.swift in Sources */,
				C81304AA27C7E7C4007DD29D /* WeatherRow.swift in Sources */,
				C81304AF27C7E965007DD29D /* ModelData.swift in Sources */,
				C813049A27C7E65B007DD29D /* LocationManager.swift in Sources */,
				C81304A027C7E706007DD29D /* ExtensionManager.swift in Sources */,
				C81304A227C7E7AC007DD29D /* WelcomeView.swift in Sources */,
				D10B216D11164E4364C3D241 /* README.md in Sources */,
			);
			runOnlyForDeploymentPostprocessing = 0;
		};
/* End PBXSourcesBuildPhase section */

/* Begin XCBuildConfiguration section */
		C813049127C7E4B0007DD29D /* Debug */ = {
			isa = XCBuildConfiguration;
			buildSettings = {
				ALWAYS_SEARCH_USER_PATHS = NO;
				CLANG_ANALYZER_NONNULL = YES;
				CLANG_ANALYZER_NUMBER_OBJECT_CONVERSION = YES_AGGRESSIVE;
				CLANG_CXX_LANGUAGE_STANDARD = "gnu++17";
				CLANG_CXX_LIBRARY = "libc++";
				CLANG_ENABLE_MODULES = YES;
				CLANG_ENABLE_OBJC_ARC = YES;
				CLANG_ENABLE_OBJC_WEAK = YES;
				CLANG_WARN_BLOCK_CAPTURE_AUTORELEASING = YES;
				CLANG_WARN_BOOL_CONVERSION = YES;
				CLANG_WARN_COMMA = YES;
				CLANG_WARN_CONSTANT_CONVERSION = YES;
				CLANG_WARN_DEPRECATED_OBJC_IMPLEMENTATIONS = YES;
				CLANG_WARN_DIRECT_OBJC_ISA_USAGE = YES_ERROR;
				CLANG_WARN_DOCUMENTATION_COMMENTS = YES;
				CLANG_WARN_EMPTY_BODY = YES;
				CLANG_WARN_ENUM_CONVERSION = YES;
				CLANG_WARN_INFINITE_RECURSION = YES;
				CLANG_WARN_INT_CONVERSION = YES;
				CLANG_WARN_NON_LITERAL_NULL_CONVERSION = YES;
				CLANG_WARN_OBJC_IMPLICIT_RETAIN_SELF = YES;
				CLANG_WARN_OBJC_LITERAL_CONVERSION = YES;
				CLANG_WARN_OBJC_ROOT_CLASS = YES_ERROR;
				CLANG_WARN_QUOTED_INCLUDE_IN_FRAMEWORK_HEADER = YES;
				CLANG_WARN_RANGE_LOOP_ANALYSIS = YES;
				CLANG_WARN_STRICT_PROTOTYPES = YES;
				CLANG_WARN_SUSPICIOUS_MOVE = YES;
				CLANG_WARN_UNGUARDED_AVAILABILITY = YES_AGGRESSIVE;
				CLANG_WARN_UNREACHABLE_CODE = YES;
				CLANG_WARN__DUPLICATE_METHOD_MATCH = YES;
				COPY_PHASE_STRIP = NO;
				DEBUG_INFORMATION_FORMAT = dwarf;
				ENABLE_STRICT_OBJC_MSGSEND = YES;
				ENABLE_TESTABILITY = YES;
				GCC_C_LANGUAGE_STANDARD = gnu11;
				GCC_DYNAMIC_NO_PIC = NO;
				GCC_NO_COMMON_BLOCKS = YES;
				GCC_OPTIMIZATION_LEVEL = 0;
				GCC_PREPROCESSOR_DEFINITIONS = (
					"DEBUG=1",
					"$(inherited)",
				);
				GCC_WARN_64_TO_32_BIT_CONVERSION = YES;
				GCC_WARN_ABOUT_RETURN_TYPE = YES_ERROR;
				GCC_WARN_UNDECLARED_SELECTOR = YES;
				GCC_WARN_UNINITIALIZED_AUTOS = YES_AGGRESSIVE;
				GCC_WARN_UNUSED_FUNCTION = YES;
				GCC_WARN_UNUSED_VARIABLE = YES;
				IPHONEOS_DEPLOYMENT_TARGET = 15.2;
				MTL_ENABLE_DEBUG_INFO = INCLUDE_SOURCE;
				MTL_FAST_MATH = YES;
				ONLY_ACTIVE_ARCH = YES;
				SDKROOT = iphoneos;
				SWIFT_ACTIVE_COMPILATION_CONDITIONS = DEBUG;
				SWIFT_OPTIMIZATION_LEVEL = "-Onone";
			};
			name = Debug;
		};
		C813049227C7E4B0007DD29D /* Release */ = {
			isa = XCBuildConfiguration;
			buildSettings = {
				ALWAYS_SEARCH_USER_PATHS = NO;
				CLANG_ANALYZER_NONNULL = YES;
				CLANG_ANALYZER_NUMBER_OBJECT_CONVERSION = YES_AGGRESSIVE;
				CLANG_CXX_LANGUAGE_STANDARD = "gnu++17";
				CLANG_CXX_LIBRARY = "libc++";
				CLANG_ENABLE_MODULES = YES;
				CLANG_ENABLE_OBJC_ARC = YES;
				CLANG_ENABLE_OBJC_WEAK = YES;
				CLANG_WARN_BLOCK_CAPTURE_AUTORELEASING = YES;
				CLANG_WARN_BOOL_CONVERSION = YES;
				CLANG_WARN_COMMA = YES;
				CLANG_WARN_CONSTANT_CONVERSION = YES;
				CLANG_WARN_DEPRECATED_OBJC_IMPLEMENTATIONS = YES;
				CLANG_WARN_DIRECT_OBJC_ISA_USAGE = YES_ERROR;
				CLANG_WARN_DOCUMENTATION_COMMENTS = YES;
				CLANG_WARN_EMPTY_BODY = YES;
				CLANG_WARN_ENUM_CONVERSION = YES;
				CLANG_WARN_INFINITE_RECURSION = YES;
				CLANG_WARN_INT_CONVERSION = YES;
				CLANG_WARN_NON_LITERAL_NULL_CONVERSION = YES;
				CLANG_WARN_OBJC_IMPLICIT_RETAIN_SELF = YES;
				CLANG_WARN_OBJC_LITERAL_CONVERSION = YES;
				CLANG_WARN_OBJC_ROOT_CLASS = YES_ERROR;
				CLANG_WARN_QUOTED_INCLUDE_IN_FRAMEWORK_HEADER = YES;
				CLANG_WARN_RANGE_LOOP_ANALYSIS = YES;
				CLANG_WARN_STRICT_PROTOTYPES = YES;
				CLANG_WARN_SUSPICIOUS_MOVE = YES;
				CLANG_WARN_UNGUARDED_AVAILABILITY = YES_AGGRESSIVE;
				CLANG_WARN_UNREACHABLE_CODE = YES;
				CLANG_WARN__DUPLICATE_METHOD_MATCH = YES;
				COPY_PHASE_STRIP = NO;
				DEBUG_INFORMATION_FORMAT = "dwarf-with-dsym";
				ENABLE_NS_ASSERTIONS = NO;
				ENABLE_STRICT_OBJC_MSGSEND = YES;
				GCC_C_LANGUAGE_STANDARD = gnu11;
				GCC_NO_COMMON_BLOCKS = YES;
				GCC_WARN_64_TO_32_BIT_CONVERSION = YES;
				GCC_WARN_ABOUT_RETURN_TYPE = YES_ERROR;
				GCC_WARN_UNDECLARED_SELECTOR = YES;
				GCC_WARN_UNINITIALIZED_AUTOS = YES_AGGRESSIVE;
				GCC_WARN_UNUSED_FUNCTION = YES;
				GCC_WARN_UNUSED_VARIABLE = YES;
				IPHONEOS_DEPLOYMENT_TARGET = 15.2;
				MTL_ENABLE_DEBUG_INFO = NO;
				MTL_FAST_MATH = YES;
				SDKROOT = iphoneos;
				SWIFT_COMPILATION_MODE = wholemodule;
				SWIFT_OPTIMIZATION_LEVEL = "-O";
				VALIDATE_PRODUCT = YES;
			};
			name = Release;
		};
		C813049427C7E4B0007DD29D /* Debug */ = {
			isa = XCBuildConfiguration;
			buildSettings = {
				ASSETCATALOG_COMPILER_APPICON_NAME = AppIcon;
				ASSETCATALOG_COMPILER_GLOBAL_ACCENT_COLOR_NAME = AccentColor;
				CODE_SIGN_STYLE = Automatic;
				CURRENT_PROJECT_VERSION = 1;
				DEVELOPMENT_ASSET_PATHS = "\"NowWeather/Preview Content\"";
				DEVELOPMENT_TEAM = 57WBJBT823;
				ENABLE_PREVIEWS = YES;
				GENERATE_INFOPLIST_FILE = YES;
				INFOPLIST_FILE = NowWeather/Info.plist;
				INFOPLIST_KEY_UIApplicationSceneManifest_Generation = YES;
				INFOPLIST_KEY_UIApplicationSupportsIndirectInputEvents = YES;
				INFOPLIST_KEY_UILaunchScreen_Generation = YES;
				INFOPLIST_KEY_UISupportedInterfaceOrientations_iPad = "UIInterfaceOrientationPortrait UIInterfaceOrientationPortraitUpsideDown UIInterfaceOrientationLandscapeLeft UIInterfaceOrientationLandscapeRight";
				INFOPLIST_KEY_UISupportedInterfaceOrientations_iPhone = "UIInterfaceOrientationPortrait UIInterfaceOrientationLandscapeLeft UIInterfaceOrientationLandscapeRight";
				LD_RUNPATH_SEARCH_PATHS = (
					"$(inherited)",
					"@executable_path/Frameworks",
				);
				MARKETING_VERSION = 1.0;
				PRODUCT_BUNDLE_IDENTIFIER = com.zack.NowWeather;
				PRODUCT_NAME = "$(TARGET_NAME)";
				SWIFT_EMIT_LOC_STRINGS = YES;
				SWIFT_VERSION = 5.0;
				TARGETED_DEVICE_FAMILY = "1,2";
			};
			name = Debug;
		};
		C813049527C7E4B0007DD29D /* Release */ = {
			isa = XCBuildConfiguration;
			buildSettings = {
				ASSETCATALOG_COMPILER_APPICON_NAME = AppIcon;
				ASSETCATALOG_COMPILER_GLOBAL_ACCENT_COLOR_NAME = AccentColor;
				CODE_SIGN_STYLE = Automatic;
				CURRENT_PROJECT_VERSION = 1;
				DEVELOPMENT_ASSET_PATHS = "\"NowWeather/Preview Content\"";
				DEVELOPMENT_TEAM = 57WBJBT823;
				ENABLE_PREVIEWS = YES;
				GENERATE_INFOPLIST_FILE = YES;
				INFOPLIST_FILE = NowWeather/Info.plist;
				INFOPLIST_KEY_UIApplicationSceneManifest_Generation = YES;
				INFOPLIST_KEY_UIApplicationSupportsIndirectInputEvents = YES;
				INFOPLIST_KEY_UILaunchScreen_Generation = YES;
				INFOPLIST_KEY_UISupportedInterfaceOrientations_iPad = "UIInterfaceOrientationPortrait UIInterfaceOrientationPortraitUpsideDown UIInterfaceOrientationLandscapeLeft UIInterfaceOrientationLandscapeRight";
				INFOPLIST_KEY_UISupportedInterfaceOrientations_iPhone = "UIInterfaceOrientationPortrait UIInterfaceOrientationLandscapeLeft UIInterfaceOrientationLandscapeRight";
				LD_RUNPATH_SEARCH_PATHS = (
					"$(inherited)",
					"@executable_path/Frameworks",
				);
				MARKETING_VERSION = 1.0;
				PRODUCT_BUNDLE_IDENTIFIER = com.zack.NowWeather;
				PRODUCT_NAME = "$(TARGET_NAME)";
				SWIFT_EMIT_LOC_STRINGS = YES;
				SWIFT_VERSION = 5.0;
				TARGETED_DEVICE_FAMILY = "1,2";
			};
			name = Release;
		};
/* End XCBuildConfiguration section */

/* Begin XCConfigurationList section */
		C813048027C7E4AC007DD29D /* Build configuration list for PBXProject "NowWeather" */ = {
			isa = XCConfigurationList;
			buildConfigurations = (
				C813049127C7E4B0007DD29D /* Debug */,
				C813049227C7E4B0007DD29D /* Release */,
			);
			defaultConfigurationIsVisible = 0;
			defaultConfigurationName = Release;
		};
		C813049327C7E4B0007DD29D /* Build configuration list for PBXNativeTarget "NowWeather" */ = {
			isa = XCConfigurationList;
			buildConfigurations = (
				C813049427C7E4B0007DD29D /* Debug */,
				C813049527C7E4B0007DD29D /* Release */,
			);
			defaultConfigurationIsVisible = 0;
			defaultConfigurationName = Release;
		};
/* End XCConfigurationList section */
	};
	rootObject = C813047D27C7E4AC007DD29D /* Project object */;
}
